
Microsoft Visual Studio Solution File, Format Version 12.00
# Visual Studio Version 17
VisualStudioVersion = 17.9.34723.18
MinimumVisualStudioVersion = 10.0.40219.1
Project("{FAE04EC0-301F-11D3-BF4B-00C04F79EFBC}") = "SnusProject", "SnusProject\SnusProject.csproj", "{BC748B96-00FD-4B06-AE42-615BADBAC4E5}"
EndProject
Project("{FAE04EC0-301F-11D3-BF4B-00C04F79EFBC}") = "ClientApp", "ClientApp\ClientApp.csproj", "{0DAF19C9-3816-4F6E-B5AF-64187B860B15}"
	ProjectSection(ProjectDependencies) = postProject
		{BC748B96-00FD-4B06-AE42-615BADBAC4E5} = {BC748B96-00FD-4B06-AE42-615BADBAC4E5}
	EndProjectSection
EndProject
Global
	GlobalSection(SolutionConfigurationPlatforms) = preSolution
		Debug|Any CPU = Debug|Any CPU
		Release|Any CPU = Release|Any CPU
	EndGlobalSection
	GlobalSection(ProjectConfigurationPlatforms) = postSolution
		{BC748B96-00FD-4B06-AE42-615BADBAC4E5}.Debug|Any CPU.ActiveCfg = Debug|Any CPU
		{BC748B96-00FD-4B06-AE42-615BADBAC4E5}.Debug|Any CPU.Build.0 = Debug|Any CPU
		{BC748B96-00FD-4B06-AE42-615BADBAC4E5}.Release|Any CPU.ActiveCfg = Release|Any CPU
		{BC748B96-00FD-4B06-AE42-615BADBAC4E5}.Release|Any CPU.Build.0 = Release|Any CPU
		{0DAF19C9-3816-4F6E-B5AF-64187B860B15}.Debug|Any CPU.ActiveCfg = Debug|Any CPU
		{0DAF19C9-3816-4F6E-B5AF-64187B860B15}.Debug|Any CPU.Build.0 = Debug|Any CPU
		{0DAF19C9-3816-4F6E-B5AF-64187B860B15}.Release|Any CPU.ActiveCfg = Release|Any CPU
		{0DAF19C9-3816-4F6E-B5AF-64187B860B15}.Release|Any CPU.Build.0 = Release|Any CPU
	EndGlobalSection
	GlobalSection(SolutionProperties) = preSolution
		HideSolutionNode = FALSE
	EndGlobalSection
	GlobalSection(ExtensibilityGlobals) = postSolution
		SolutionGuid = {35A08C8C-3F1B-4EBB-975F-F7FCB2CB4C51}
	EndGlobalSection
EndGlobal
